{
  "pins" : [
    {
      "identity" : "siriusrating",
      "kind" : "remoteSourceControl",
      "location" : "https://github.com/theappcapital/SiriusRating.git",
      "state" : {
        "revision" : "d2191647e59bbf000853c068d36aea196ce432d5",
        "version" : "1.0.5"
      }
    }
  ],
  "version" : 2
}
